// !$*UTF8*$!
{
	archiveVersion = 1;
	classes = {
	};
	objectVersion = 46;
	objects = {

/* Begin PBXBuildFile section */
		822AA2071A7AFBDD0088BE40 /* cirListDeque.c in Sources */ = {isa = PBXBuildFile; fileRef = 822AA2041A7AFBDD0088BE40 /* cirListDeque.c */; };
		822AA2081A7AFBDD0088BE40 /* testCirListDeque.c in Sources */ = {isa = PBXBuildFile; fileRef = 822AA2061A7AFBDD0088BE40 /* testCirListDeque.c */; };
/* End PBXBuildFile section */

/* Begin PBXCopyFilesBuildPhase section */
		822AA1F81A7AFBD20088BE40 /* CopyFiles */ = {
			isa = PBXCopyFilesBuildPhase;
			buildActionMask = 2147483647;
			dstPath = /usr/share/man/man1/;
			dstSubfolderSpec = 0;
			files = (
			);
			runOnlyForDeploymentPostprocessing = 1;
		};
/* End PBXCopyFilesBuildPhase section */

/* Begin PBXFileReference section */
		822AA1FA1A7AFBD20088BE40 /* Assign3Problem3 */ = {isa = PBXFileReference; explicitFileType = "compiled.mach-o.executable"; includeInIndex = 0; path = Assign3Problem3; sourceTree = BUILT_PRODUCTS_DIR; };
		822AA2041A7AFBDD0088BE40 /* cirListDeque.c */ = {isa = PBXFileReference; fileEncoding = 4; lastKnownFileType = sourcecode.c.c; name = cirListDeque.c; path = ../../cirListDeque.c; sourceTree = "<group>"; };
		822AA2051A7AFBDD0088BE40 /* cirListDeque.h */ = {isa = PBXFileReference; fileEncoding = 4; lastKnownFileType = sourcecode.c.h; name = cirListDeque.h; path = ../../cirListDeque.h; sourceTree = "<group>"; };
		822AA2061A7AFBDD0088BE40 /* testCirListDeque.c */ = {isa = PBXFileReference; fileEncoding = 4; lastKnownFileType = sourcecode.c.c; name = testCirListDeque.c; path = ../../testCirListDeque.c; sourceTree = "<group>"; };
/* End PBXFileReference section */

/* Begin PBXFrameworksBuildPhase section */
		822AA1F71A7AFBD20088BE40 /* Frameworks */ = {
			isa = PBXFrameworksBuildPhase;
			buildActionMask = 2147483647;
			files = (
			);
			runOnlyForDeploymentPostprocessing = 0;
		};
/* End PBXFrameworksBuildPhase section */

/* Begin PBXGroup section */
		822AA1F11A7AFBD20088BE40 = {
			isa = PBXGroup;
			children = (
				822AA1FC1A7AFBD20088BE40 /* Assign3Problem3 */,
				822AA1FB1A7AFBD20088BE40 /* Products */,
			);
			sourceTree = "<group>";
		};
		822AA1FB1A7AFBD20088BE40 /* Products */ = {
			isa = PBXGroup;
			children = (
				822AA1FA1A7AFBD20088BE40 /* Assign3Problem3 */,
			);
			name = Products;
			sourceTree = "<group>";
		};
		822AA1FC1A7AFBD20088BE40 /* Assign3Problem3 */ = {
			isa = PBXGroup;
			children = (
				822AA2041A7AFBDD0088BE40 /* cirListDeque.c */,
				822AA2051A7AFBDD0088BE40 /* cirListDeque.h */,
				822AA2061A7AFBDD0088BE40 /* testCirListDeque.c */,
			);
			path = Assign3Problem3;
			sourceTree = "<group>";
		};
/* End PBXGroup section */

/* Begin PBXNativeTarget section */
		822AA1F91A7AFBD20088BE40 /* Assign3Problem3 */ = {
			isa = PBXNativeTarget;
			buildConfigurationList = 822AA2011A7AFBD20088BE40 /* Build configuration list for PBXNativeTarget "Assign3Problem3" */;
			buildPhases = (
				822AA1F61A7AFBD20088BE40 /* Sources */,
				822AA1F71A7AFBD20088BE40 /* Frameworks */,
				822AA1F81A7AFBD20088BE40 /* CopyFiles */,
			);
			buildRules = (
			);
			dependencies = (
			);
			name = Assign3Problem3;
			productName = Assign3Problem3;
			productReference = 822AA1FA1A7AFBD20088BE40 /* Assign3Problem3 */;
			productType = "com.apple.product-type.tool";
		};
/* End PBXNativeTarget section */

/* Begin PBXProject section */
		822AA1F21A7AFBD20088BE40 /* Project object */ = {
			isa = PBXProject;
			attributes = {
				LastUpgradeCheck = 0610;
				ORGANIZATIONNAME = "Pranav Ramesh";
				TargetAttributes = {
					822AA1F91A7AFBD20088BE40 = {
						CreatedOnToolsVersion = 6.1.1;
					};
				};
			};
			buildConfigurationList = 822AA1F51A7AFBD20088BE40 /* Build configuration list for PBXProject "Assign3Problem3" */;
			compatibilityVersion = "Xcode 3.2";
			developmentRegion = English;
			hasScannedForEncodings = 0;
			knownRegions = (
				en,
			);
			mainGroup = 822AA1F11A7AFBD20088BE40;
			productRefGroup = 822AA1FB1A7AFBD20088BE40 /* Products */;
			projectDirPath = "";
			projectRoot = "";
			targets = (
				822AA1F91A7AFBD20088BE40 /* Assign3Problem3 */,
			);
		};
/* End PBXProject section */

/* Begin PBXSourcesBuildPhase section */
		822AA1F61A7AFBD20088BE40 /* Sources */ = {
			isa = PBXSourcesBuildPhase;
			buildActionMask = 2147483647;
			files = (
				822AA2081A7AFBDD0088BE40 /* testCirListDeque.c in Sources */,
				822AA2071A7AFBDD0088BE40 /* cirListDeque.c in Sources */,
			);
			runOnlyForDeploymentPostprocessing = 0;
		};
/* End PBXSourcesBuildPhase section */

/* Begin XCBuildConfiguration section */
		822AA1FF1A7AFBD20088BE40 /* Debug */ = {
			isa = XCBuildConfiguration;
			buildSettings = {
				ALWAYS_SEARCH_USER_PATHS = NO;
				CLANG_CXX_LANGUAGE_STANDARD = "gnu++0x";
				CLANG_CXX_LIBRARY = "libc++";
				CLANG_ENABLE_MODULES = YES;
				CLANG_ENABLE_OBJC_ARC = YES;
				CLANG_WARN_BOOL_CONVERSION = YES;
				CLANG_WARN_CONSTANT_CONVERSION = YES;
				CLANG_WARN_DIRECT_OBJC_ISA_USAGE = YES_ERROR;
				CLANG_WARN_EMPTY_BODY = YES;
				CLANG_WARN_ENUM_CONVERSION = YES;
				CLANG_WARN_INT_CONVERSION = YES;
				CLANG_WARN_OBJC_ROOT_CLASS = YES_ERROR;
				CLANG_WARN_UNREACHABLE_CODE = YES;
				CLANG_WARN__DUPLICATE_METHOD_MATCH = YES;
				COPY_PHASE_STRIP = NO;
				ENABLE_STRICT_OBJC_MSGSEND = YES;
				GCC_C_LANGUAGE_STANDARD = gnu99;
				GCC_DYNAMIC_NO_PIC = NO;
				GCC_OPTIMIZATION_LEVEL = 0;
				GCC_PREPROCESSOR_DEFINITIONS = (
					"DEBUG=1",
					"$(inherited)",
				);
				GCC_SYMBOLS_PRIVATE_EXTERN = NO;
				GCC_WARN_64_TO_32_BIT_CONVERSION = YES;
				GCC_WARN_ABOUT_RETURN_TYPE = YES_ERROR;
				GCC_WARN_UNDECLARED_SELECTOR = YES;
				GCC_WARN_UNINITIALIZED_AUTOS = YES_AGGRESSIVE;
				GCC_WARN_UNUSED_FUNCTION = YES;
				GCC_WARN_UNUSED_VARIABLE = YES;
				MACOSX_DEPLOYMENT_TARGET = 10.10;
				MTL_ENABLE_DEBUG_INFO = YES;
				ONLY_ACTIVE_ARCH = YES;
				SDKROOT = macosx;
			};
			name = Debug;
		};
		822AA2001A7AFBD20088BE40 /* Release */ = {
			isa = XCBuildConfiguration;
			buildSettings = {
				ALWAYS_SEARCH_USER_PATHS = NO;
				CLANG_CXX_LANGUAGE_STANDARD = "gnu++0x";
				CLANG_CXX_LIBRARY = "libc++";
				CLANG_ENABLE_MODULES = YES;
				CLANG_ENABLE_OBJC_ARC = YES;
				CLANG_WARN_BOOL_CONVERSION = YES;
				CLANG_WARN_CONSTANT_CONVERSION = YES;
				CLANG_WARN_DIRECT_OBJC_ISA_USAGE = YES_ERROR;
				CLANG_WARN_EMPTY_BODY = YES;
				CLANG_WARN_ENUM_CONVERSION = YES;
				CLANG_WARN_INT_CONVERSION = YES;
				CLANG_WARN_OBJC_ROOT_CLASS = YES_ERROR;
				CLANG_WARN_UNREACHABLE_CODE = YES;
				CLANG_WARN__DUPLICATE_METHOD_MATCH = YES;
				COPY_PHASE_STRIP = YES;
				DEBUG_INFORMATION_FORMAT = "dwarf-with-dsym";
				ENABLE_NS_ASSERTIONS = NO;
				ENABLE_STRICT_OBJC_MSGSEND = YES;
				GCC_C_LANGUAGE_STANDARD = gnu99;
				GCC_WARN_64_TO_32_BIT_CONVERSION = YES;
				GCC_WARN_ABOUT_RETURN_TYPE = YES_ERROR;
				GCC_WARN_UNDECLARED_SELECTOR = YES;
				GCC_WARN_UNINITIALIZED_AUTOS = YES_AGGRESSIVE;
				GCC_WARN_UNUSED_FUNCTION = YES;
				GCC_WARN_UNUSED_VARIABLE = YES;
				MACOSX_DEPLOYMENT_TARGET = 10.10;
				MTL_ENABLE_DEBUG_INFO = NO;
				SDKROOT = macosx;
			};
			name = Release;
		};
		822AA2021A7AFBD20088BE40 /* Debug */ = {
			isa = XCBuildConfiguration;
			buildSettings = {
				PRODUCT_NAME = "$(TARGET_NAME)";
			};
			name = Debug;
		};
		822AA2031A7AFBD20088BE40 /* Release */ = {
			isa = XCBuildConfiguration;
			buildSettings = {
				PRODUCT_NAME = "$(TARGET_NAME)";
			};
			name = Release;
		};
/* End XCBuildConfiguration section */

/* Begin XCConfigurationList section */
		822AA1F51A7AFBD20088BE40 /* Build configuration list for PBXProject "Assign3Problem3" */ = {
			isa = XCConfigurationList;
			buildConfigurations = (
				822AA1FF1A7AFBD20088BE40 /* Debug */,
				822AA2001A7AFBD20088BE40 /* Release */,
			);
			defaultConfigurationIsVisible = 0;
			defaultConfigurationName = Release;
		};
		822AA2011A7AFBD20088BE40 /* Build configuration list for PBXNativeTarget "Assign3Problem3" */ = {
			isa = XCConfigurationList;
			buildConfigurations = (
				822AA2021A7AFBD20088BE40 /* Debug */,
				822AA2031A7AFBD20088BE40 /* Release */,
			);
			defaultConfigurationIsVisible = 0;
		};
/* End XCConfigurationList section */
	};
	rootObject = 822AA1F21A7AFBD20088BE40 /* Project object */;
}
