// !$*UTF8*$!
{
	archiveVersion = 1;
	classes = {
	};
	objectVersion = 46;
	objects = {

/* Begin PBXBuildFile section */
		822AA20A1A7B4C110088BE40 /* linkedListMain.c in Sources */ = {isa = PBXBuildFile; fileRef = 822AA2091A7B4C110088BE40 /* linkedListMain.c */; };
		82BAB9011A7AC95000D642F3 /* linkedList.c in Sources */ = {isa = PBXBuildFile; fileRef = 82BAB8FD1A7AC95000D642F3 /* linkedList.c */; };
/* End PBXBuildFile section */

/* Begin PBXCopyFilesBuildPhase section */
		82BAB8F11A7AC93600D642F3 /* CopyFiles */ = {
			isa = PBXCopyFilesBuildPhase;
			buildActionMask = 2147483647;
			dstPath = /usr/share/man/man1/;
			dstSubfolderSpec = 0;
			files = (
			);
			runOnlyForDeploymentPostprocessing = 1;
		};
/* End PBXCopyFilesBuildPhase section */

/* Begin PBXFileReference section */
		822AA2091A7B4C110088BE40 /* linkedListMain.c */ = {isa = PBXFileReference; fileEncoding = 4; lastKnownFileType = sourcecode.c.c; name = linkedListMain.c; path = ../../linkedListMain.c; sourceTree = "<group>"; };
		82BAB8F31A7AC93600D642F3 /* Assign3Problem1 */ = {isa = PBXFileReference; explicitFileType = "compiled.mach-o.executable"; includeInIndex = 0; path = Assign3Problem1; sourceTree = BUILT_PRODUCTS_DIR; };
		82BAB8FD1A7AC95000D642F3 /* linkedList.c */ = {isa = PBXFileReference; fileEncoding = 4; lastKnownFileType = sourcecode.c.c; name = linkedList.c; path = ../../linkedList.c; sourceTree = "<group>"; };
		82BAB8FE1A7AC95000D642F3 /* linkedList.h */ = {isa = PBXFileReference; fileEncoding = 4; lastKnownFileType = sourcecode.c.h; name = linkedList.h; path = ../../linkedList.h; sourceTree = "<group>"; };
/* End PBXFileReference section */

/* Begin PBXFrameworksBuildPhase section */
		82BAB8F01A7AC93600D642F3 /* Frameworks */ = {
			isa = PBXFrameworksBuildPhase;
			buildActionMask = 2147483647;
			files = (
			);
			runOnlyForDeploymentPostprocessing = 0;
		};
/* End PBXFrameworksBuildPhase section */

/* Begin PBXGroup section */
		82BAB8EA1A7AC93600D642F3 = {
			isa = PBXGroup;
			children = (
				82BAB8F51A7AC93600D642F3 /* Assign3Problem1 */,
				82BAB8F41A7AC93600D642F3 /* Products */,
			);
			sourceTree = "<group>";
		};
		82BAB8F41A7AC93600D642F3 /* Products */ = {
			isa = PBXGroup;
			children = (
				82BAB8F31A7AC93600D642F3 /* Assign3Problem1 */,
			);
			name = Products;
			sourceTree = "<group>";
		};
		82BAB8F51A7AC93600D642F3 /* Assign3Problem1 */ = {
			isa = PBXGroup;
			children = (
				82BAB8FD1A7AC95000D642F3 /* linkedList.c */,
				82BAB8FE1A7AC95000D642F3 /* linkedList.h */,
				822AA2091A7B4C110088BE40 /* linkedListMain.c */,
			);
			path = Assign3Problem1;
			sourceTree = "<group>";
		};
/* End PBXGroup section */

/* Begin PBXNativeTarget section */
		82BAB8F21A7AC93600D642F3 /* Assign3Problem1 */ = {
			isa = PBXNativeTarget;
			buildConfigurationList = 82BAB8FA1A7AC93600D642F3 /* Build configuration list for PBXNativeTarget "Assign3Problem1" */;
			buildPhases = (
				82BAB8EF1A7AC93600D642F3 /* Sources */,
				82BAB8F01A7AC93600D642F3 /* Frameworks */,
				82BAB8F11A7AC93600D642F3 /* CopyFiles */,
			);
			buildRules = (
			);
			dependencies = (
			);
			name = Assign3Problem1;
			productName = Assign3Problem1;
			productReference = 82BAB8F31A7AC93600D642F3 /* Assign3Problem1 */;
			productType = "com.apple.product-type.tool";
		};
/* End PBXNativeTarget section */

/* Begin PBXProject section */
		82BAB8EB1A7AC93600D642F3 /* Project object */ = {
			isa = PBXProject;
			attributes = {
				LastUpgradeCheck = 0610;
				ORGANIZATIONNAME = "Pranav Ramesh";
				TargetAttributes = {
					82BAB8F21A7AC93600D642F3 = {
						CreatedOnToolsVersion = 6.1.1;
					};
				};
			};
			buildConfigurationList = 82BAB8EE1A7AC93600D642F3 /* Build configuration list for PBXProject "Assign3Problem1" */;
			compatibilityVersion = "Xcode 3.2";
			developmentRegion = English;
			hasScannedForEncodings = 0;
			knownRegions = (
				en,
			);
			mainGroup = 82BAB8EA1A7AC93600D642F3;
			productRefGroup = 82BAB8F41A7AC93600D642F3 /* Products */;
			projectDirPath = "";
			projectRoot = "";
			targets = (
				82BAB8F21A7AC93600D642F3 /* Assign3Problem1 */,
			);
		};
/* End PBXProject section */

/* Begin PBXSourcesBuildPhase section */
		82BAB8EF1A7AC93600D642F3 /* Sources */ = {
			isa = PBXSourcesBuildPhase;
			buildActionMask = 2147483647;
			files = (
				82BAB9011A7AC95000D642F3 /* linkedList.c in Sources */,
				822AA20A1A7B4C110088BE40 /* linkedListMain.c in Sources */,
			);
			runOnlyForDeploymentPostprocessing = 0;
		};
/* End PBXSourcesBuildPhase section */

/* Begin XCBuildConfiguration section */
		82BAB8F81A7AC93600D642F3 /* Debug */ = {
			isa = XCBuildConfiguration;
			buildSettings = {
				ALWAYS_SEARCH_USER_PATHS = NO;
				CLANG_CXX_LANGUAGE_STANDARD = "gnu++0x";
				CLANG_CXX_LIBRARY = "libc++";
				CLANG_ENABLE_MODULES = YES;
				CLANG_ENABLE_OBJC_ARC = YES;
				CLANG_WARN_BOOL_CONVERSION = YES;
				CLANG_WARN_CONSTANT_CONVERSION = YES;
				CLANG_WARN_DIRECT_OBJC_ISA_USAGE = YES_ERROR;
				CLANG_WARN_EMPTY_BODY = YES;
				CLANG_WARN_ENUM_CONVERSION = YES;
				CLANG_WARN_INT_CONVERSION = YES;
				CLANG_WARN_OBJC_ROOT_CLASS = YES_ERROR;
				CLANG_WARN_UNREACHABLE_CODE = YES;
				CLANG_WARN__DUPLICATE_METHOD_MATCH = YES;
				COPY_PHASE_STRIP = NO;
				ENABLE_STRICT_OBJC_MSGSEND = YES;
				GCC_C_LANGUAGE_STANDARD = gnu99;
				GCC_DYNAMIC_NO_PIC = NO;
				GCC_OPTIMIZATION_LEVEL = 0;
				GCC_PREPROCESSOR_DEFINITIONS = (
					"DEBUG=1",
					"$(inherited)",
				);
				GCC_SYMBOLS_PRIVATE_EXTERN = NO;
				GCC_WARN_64_TO_32_BIT_CONVERSION = YES;
				GCC_WARN_ABOUT_RETURN_TYPE = YES_ERROR;
				GCC_WARN_UNDECLARED_SELECTOR = YES;
				GCC_WARN_UNINITIALIZED_AUTOS = YES_AGGRESSIVE;
				GCC_WARN_UNUSED_FUNCTION = YES;
				GCC_WARN_UNUSED_VARIABLE = YES;
				MACOSX_DEPLOYMENT_TARGET = 10.10;
				MTL_ENABLE_DEBUG_INFO = YES;
				ONLY_ACTIVE_ARCH = YES;
				SDKROOT = macosx;
			};
			name = Debug;
		};
		82BAB8F91A7AC93600D642F3 /* Release */ = {
			isa = XCBuildConfiguration;
			buildSettings = {
				ALWAYS_SEARCH_USER_PATHS = NO;
				CLANG_CXX_LANGUAGE_STANDARD = "gnu++0x";
				CLANG_CXX_LIBRARY = "libc++";
				CLANG_ENABLE_MODULES = YES;
				CLANG_ENABLE_OBJC_ARC = YES;
				CLANG_WARN_BOOL_CONVERSION = YES;
				CLANG_WARN_CONSTANT_CONVERSION = YES;
				CLANG_WARN_DIRECT_OBJC_ISA_USAGE = YES_ERROR;
				CLANG_WARN_EMPTY_BODY = YES;
				CLANG_WARN_ENUM_CONVERSION = YES;
				CLANG_WARN_INT_CONVERSION = YES;
				CLANG_WARN_OBJC_ROOT_CLASS = YES_ERROR;
				CLANG_WARN_UNREACHABLE_CODE = YES;
				CLANG_WARN__DUPLICATE_METHOD_MATCH = YES;
				COPY_PHASE_STRIP = YES;
				DEBUG_INFORMATION_FORMAT = "dwarf-with-dsym";
				ENABLE_NS_ASSERTIONS = NO;
				ENABLE_STRICT_OBJC_MSGSEND = YES;
				GCC_C_LANGUAGE_STANDARD = gnu99;
				GCC_WARN_64_TO_32_BIT_CONVERSION = YES;
				GCC_WARN_ABOUT_RETURN_TYPE = YES_ERROR;
				GCC_WARN_UNDECLARED_SELECTOR = YES;
				GCC_WARN_UNINITIALIZED_AUTOS = YES_AGGRESSIVE;
				GCC_WARN_UNUSED_FUNCTION = YES;
				GCC_WARN_UNUSED_VARIABLE = YES;
				MACOSX_DEPLOYMENT_TARGET = 10.10;
				MTL_ENABLE_DEBUG_INFO = NO;
				SDKROOT = macosx;
			};
			name = Release;
		};
		82BAB8FB1A7AC93600D642F3 /* Debug */ = {
			isa = XCBuildConfiguration;
			buildSettings = {
				PRODUCT_NAME = "$(TARGET_NAME)";
			};
			name = Debug;
		};
		82BAB8FC1A7AC93600D642F3 /* Release */ = {
			isa = XCBuildConfiguration;
			buildSettings = {
				PRODUCT_NAME = "$(TARGET_NAME)";
			};
			name = Release;
		};
/* End XCBuildConfiguration section */

/* Begin XCConfigurationList section */
		82BAB8EE1A7AC93600D642F3 /* Build configuration list for PBXProject "Assign3Problem1" */ = {
			isa = XCConfigurationList;
			buildConfigurations = (
				82BAB8F81A7AC93600D642F3 /* Debug */,
				82BAB8F91A7AC93600D642F3 /* Release */,
			);
			defaultConfigurationIsVisible = 0;
			defaultConfigurationName = Release;
		};
		82BAB8FA1A7AC93600D642F3 /* Build configuration list for PBXNativeTarget "Assign3Problem1" */ = {
			isa = XCConfigurationList;
			buildConfigurations = (
				82BAB8FB1A7AC93600D642F3 /* Debug */,
				82BAB8FC1A7AC93600D642F3 /* Release */,
			);
			defaultConfigurationIsVisible = 0;
			defaultConfigurationName = Release;
		};
/* End XCConfigurationList section */
	};
	rootObject = 82BAB8EB1A7AC93600D642F3 /* Project object */;
}
